# This file was autogenerated by uv via the following command:
#    uv pip compile pyproject.toml -o requirements.lock
annotated-types==0.7.0
    # via
    #   lead-dev-bot (pyproject.toml)
    #   pydantic
anyio==4.9.0
    # via
    #   lead-dev-bot (pyproject.toml)
    #   httpx
    #   starlette
certifi==2025.4.26
    # via
    #   lead-dev-bot (pyproject.toml)
    #   httpcore
    #   httpx
    #   requests
cffi==1.17.1
    # via
    #   lead-dev-bot (pyproject.toml)
    #   cryptography
    #   pynacl
charset-normalizer==3.4.2
    # via
    #   lead-dev-bot (pyproject.toml)
    #   requests
click==8.2.1
    # via
    #   lead-dev-bot (pyproject.toml)
    #   uvicorn
cryptography==45.0.3
    # via
    #   lead-dev-bot (pyproject.toml)
    #   pyjwt
deprecated==1.2.18
    # via
    #   lead-dev-bot (pyproject.toml)
    #   pygithub
dotenv==0.9.9
    # via lead-dev-bot (pyproject.toml)
fastapi==0.115.12
    # via lead-dev-bot (pyproject.toml)
h11==0.16.0
    # via
    #   lead-dev-bot (pyproject.toml)
    #   httpcore
    #   uvicorn
httpcore==1.0.9
    # via
    #   lead-dev-bot (pyproject.toml)
    #   httpx
httpx==0.28.1
    # via
    #   lead-dev-bot (pyproject.toml)
    #   ollama
idna==3.10
    # via
    #   lead-dev-bot (pyproject.toml)
    #   anyio
    #   httpx
    #   requests
jinja2==3.1.6
    # via lead-dev-bot (pyproject.toml)
markupsafe==3.0.2
    # via
    #   lead-dev-bot (pyproject.toml)
    #   jinja2
ollama==0.4.8
    # via lead-dev-bot (pyproject.toml)
pycparser==2.22
    # via
    #   lead-dev-bot (pyproject.toml)
    #   cffi
pydantic==2.11.4
    # via
    #   lead-dev-bot (pyproject.toml)
    #   fastapi
    #   ollama
pydantic-core==2.33.2
    # via
    #   lead-dev-bot (pyproject.toml)
    #   pydantic
pygithub==2.6.1
    # via lead-dev-bot (pyproject.toml)
pyjwt==2.10.1
    # via
    #   lead-dev-bot (pyproject.toml)
    #   pygithub
pynacl==1.5.0
    # via
    #   lead-dev-bot (pyproject.toml)
    #   pygithub
python-dotenv==1.1.0
    # via
    #   lead-dev-bot (pyproject.toml)
    #   dotenv
requests==2.32.3
    # via
    #   lead-dev-bot (pyproject.toml)
    #   pygithub
ruff==0.11.13
    # via lead-dev-bot (pyproject.toml)
sniffio==1.3.1
    # via
    #   lead-dev-bot (pyproject.toml)
    #   anyio
starlette==0.46.2
    # via
    #   lead-dev-bot (pyproject.toml)
    #   fastapi
typing-extensions==4.13.2
    # via
    #   lead-dev-bot (pyproject.toml)
    #   anyio
    #   fastapi
    #   pydantic
    #   pydantic-core
    #   pygithub
    #   typing-inspection
typing-inspection==0.4.0
    # via
    #   lead-dev-bot (pyproject.toml)
    #   pydantic
urllib3==2.4.0
    # via
    #   lead-dev-bot (pyproject.toml)
    #   pygithub
    #   requests
uv==0.7.6
    # via lead-dev-bot (pyproject.toml)
uvicorn==0.34.2
    # via lead-dev-bot (pyproject.toml)
wrapt==1.17.2
    # via
    #   lead-dev-bot (pyproject.toml)
    #   deprecated
